{
    "version": 3,
    "terraform_version": "0.9.8",
    "serial": 2,
    "lineage": "0b134447-e310-4a55-aa7e-7479fb7f7017",
    "modules": [
        {
            "path": [
                "root"
            ],
            "outputs": {},
            "resources": {
                "aws_autoscaling_group.agents": {
                    "type": "aws_autoscaling_group",
                    "depends_on": [
                        "aws_launch_configuration.agent-lc"
                    ],
                    "primary": {
                        "id": "agents",
                        "attributes": {
                            "arn": "arn:aws:autoscaling:eu-west-2:393031469540:autoScalingGroup:22d678c1-8a15-4c6a-9812-d096245fdb45:autoScalingGroupName/agents",
                            "availability_zones.#": "1",
                            "availability_zones.3230292939": "eu-west-2a",
                            "default_cooldown": "300",
                            "desired_capacity": "2",
                            "force_delete": "true",
                            "health_check_grace_period": "300",
                            "health_check_type": "EC2",
                            "id": "agents",
                            "launch_configuration": "agent-lc-00c1b0cc46b82631b5813fae7e",
                            "load_balancers.#": "0",
                            "max_size": "20",
                            "metrics_granularity": "1Minute",
                            "min_size": "1",
                            "name": "agents",
                            "placement_group": "",
                            "protect_from_scale_in": "false",
                            "suspended_processes.#": "0",
                            "tag.#": "1",
                            "tag.1999157909.key": "Name",
                            "tag.1999157909.propagate_at_launch": "true",
                            "tag.1999157909.value": "Agent Instance",
                            "target_group_arns.#": "0",
                            "termination_policies.#": "0",
                            "vpc_zone_identifier.#": "1",
                            "vpc_zone_identifier.0": "",
                            "wait_for_capacity_timeout": "10m"
                        },
                        "meta": {},
                        "tainted": false
                    },
                    "deposed": [],
                    "provider": ""
                },
                "aws_autoscaling_policy.agents-scale-down": {
                    "type": "aws_autoscaling_policy",
                    "depends_on": [
                        "aws_autoscaling_group.agents"
                    ],
                    "primary": {
                        "id": "agents-scale-down",
                        "attributes": {
                            "adjustment_type": "ChangeInCapacity",
                            "arn": "arn:aws:autoscaling:eu-west-2:393031469540:scalingPolicy:435786f7-cc2b-4cd4-8ff4-19996d5ca472:autoScalingGroupName/agents:policyName/agents-scale-down",
                            "autoscaling_group_name": "agents",
                            "cooldown": "300",
                            "estimated_instance_warmup": "0",
                            "id": "agents-scale-down",
                            "metric_aggregation_type": "",
                            "min_adjustment_step": "0",
                            "name": "agents-scale-down",
                            "policy_type": "SimpleScaling",
                            "scaling_adjustment": "-1",
                            "step_adjustment.#": "0"
                        },
                        "meta": {},
                        "tainted": false
                    },
                    "deposed": [],
                    "provider": ""
                },
                "aws_autoscaling_policy.agents-scale-up": {
                    "type": "aws_autoscaling_policy",
                    "depends_on": [
                        "aws_autoscaling_group.agents"
                    ],
                    "primary": {
                        "id": "agents-scale-up",
                        "attributes": {
                            "adjustment_type": "ChangeInCapacity",
                            "arn": "arn:aws:autoscaling:eu-west-2:393031469540:scalingPolicy:e2c1643a-8787-486a-b325-f27da271d02b:autoScalingGroupName/agents:policyName/agents-scale-up",
                            "autoscaling_group_name": "agents",
                            "cooldown": "300",
                            "estimated_instance_warmup": "0",
                            "id": "agents-scale-up",
                            "metric_aggregation_type": "",
                            "min_adjustment_step": "0",
                            "name": "agents-scale-up",
                            "policy_type": "SimpleScaling",
                            "scaling_adjustment": "1",
                            "step_adjustment.#": "0"
                        },
                        "meta": {},
                        "tainted": false
                    },
                    "deposed": [],
                    "provider": ""
                },
                "aws_cloudwatch_metric_alarm.memory-high": {
                    "type": "aws_cloudwatch_metric_alarm",
                    "depends_on": [
                        "aws_autoscaling_group.agents",
                        "aws_autoscaling_policy.agents-scale-up"
                    ],
                    "primary": {
                        "id": "mem-util-high-agents",
                        "attributes": {
                            "actions_enabled": "true",
                            "alarm_actions.#": "1",
                            "alarm_actions.1615929570": "arn:aws:autoscaling:eu-west-2:393031469540:scalingPolicy:e2c1643a-8787-486a-b325-f27da271d02b:autoScalingGroupName/agents:policyName/agents-scale-up",
                            "alarm_description": "This metric monitors ec2 memory for high utilization on agent hosts",
                            "alarm_name": "mem-util-high-agents",
                            "comparison_operator": "GreaterThanOrEqualToThreshold",
                            "dimensions.%": "1",
                            "dimensions.AutoScalingGroupName": "agents",
                            "evaluate_low_sample_count_percentiles": "",
                            "evaluation_periods": "2",
                            "extended_statistic": "",
                            "id": "mem-util-high-agents",
                            "insufficient_data_actions.#": "0",
                            "metric_name": "MemoryUtilization",
                            "namespace": "System/Linux",
                            "ok_actions.#": "0",
                            "period": "300",
                            "statistic": "Average",
                            "threshold": "80",
                            "treat_missing_data": "missing",
                            "unit": ""
                        },
                        "meta": {
                            "schema_version": "1"
                        },
                        "tainted": false
                    },
                    "deposed": [],
                    "provider": ""
                },
                "aws_cloudwatch_metric_alarm.memory-low": {
                    "type": "aws_cloudwatch_metric_alarm",
                    "depends_on": [
                        "aws_autoscaling_group.agents",
                        "aws_autoscaling_policy.agents-scale-down"
                    ],
                    "primary": {
                        "id": "mem-util-low-agents",
                        "attributes": {
                            "actions_enabled": "true",
                            "alarm_actions.#": "1",
                            "alarm_actions.1105256284": "arn:aws:autoscaling:eu-west-2:393031469540:scalingPolicy:435786f7-cc2b-4cd4-8ff4-19996d5ca472:autoScalingGroupName/agents:policyName/agents-scale-down",
                            "alarm_description": "This metric monitors ec2 memory for low utilization on agent hosts",
                            "alarm_name": "mem-util-low-agents",
                            "comparison_operator": "LessThanOrEqualToThreshold",
                            "dimensions.%": "1",
                            "dimensions.AutoScalingGroupName": "agents",
                            "evaluate_low_sample_count_percentiles": "",
                            "evaluation_periods": "2",
                            "extended_statistic": "",
                            "id": "mem-util-low-agents",
                            "insufficient_data_actions.#": "0",
                            "metric_name": "MemoryUtilization",
                            "namespace": "System/Linux",
                            "ok_actions.#": "0",
                            "period": "300",
                            "statistic": "Average",
                            "threshold": "40",
                            "treat_missing_data": "missing",
                            "unit": ""
                        },
                        "meta": {
                            "schema_version": "1"
                        },
                        "tainted": false
                    },
                    "deposed": [],
                    "provider": ""
                },
                "aws_launch_configuration.agent-lc": {
                    "type": "aws_launch_configuration",
                    "depends_on": [],
                    "primary": {
                        "id": "agent-lc-00c1b0cc46b82631b5813fae7e",
                        "attributes": {
                            "associate_public_ip_address": "false",
                            "ebs_block_device.#": "0",
                            "ebs_optimized": "false",
                            "enable_monitoring": "true",
                            "ephemeral_block_device.#": "0",
                            "iam_instance_profile": "",
                            "id": "agent-lc-00c1b0cc46b82631b5813fae7e",
                            "image_id": "ami-0957378a34aff1ea7",
                            "instance_type": "t2.small",
                            "key_name": "",
                            "name": "agent-lc-00c1b0cc46b82631b5813fae7e",
                            "name_prefix": "agent-lc-",
                            "root_block_device.#": "1",
                            "root_block_device.0.delete_on_termination": "true",
                            "root_block_device.0.iops": "0",
                            "root_block_device.0.volume_size": "50",
                            "root_block_device.0.volume_type": "gp2",
                            "security_groups.#": "0",
                            "spot_price": "",
                            "user_data": "0824a5aceb03bf7272ed6a6cc8fb3f0248d44e98",
                            "vpc_classic_link_id": "",
                            "vpc_classic_link_security_groups.#": "0"
                        },
                        "meta": {},
                        "tainted": false
                    },
                    "deposed": [],
                    "provider": ""
                }
            },
            "depends_on": []
        }
    ]
}
